{
  "version": 4,
  "terraform_version": "1.9.8",
  "serial": 2,
  "lineage": "bd65b0f0-6f14-a39c-faa2-74e4679eb29e",
  "outputs": {},
  "resources": [
    {
      "mode": "managed",
      "type": "google_firebase_android_app",
      "name": "app",
      "provider": "provider[\"registry.terraform.io/hashicorp/google-beta\"]",
      "instances": [
        {
          "schema_version": 0,
          "attributes": {
            "api_key_id": "652a8d59-e850-4ee1-8ada-1d633e0b43c7",
            "app_id": "1:891141938111:android:42b064e03f5adfb6fe1f0a",
            "deletion_policy": "DELETE",
            "display_name": "MyCricketCoachApp",
            "etag": "1_59d6c503-2541-451b-8507-58e7faa224a8",
            "id": "projects/mycricketcoachapp/androidApps/1:891141938111:android:42b064e03f5adfb6fe1f0a",
            "name": "projects/mycricketcoachapp/androidApps/1:891141938111:android:42b064e03f5adfb6fe1f0a",
            "package_name": "com.example.ai_cricket_coach",
            "project": "mycricketcoachapp",
            "sha1_hashes": [],
            "sha256_hashes": [],
            "timeouts": null
          },
          "sensitive_attributes": [],
          "private": "eyJlMmJmYjczMC1lY2FhLTExZTYtOGY4OC0zNDM2M2JjN2M0YzAiOnsiY3JlYXRlIjoxMjAwMDAwMDAwMDAwLCJkZWxldGUiOjEyMDAwMDAwMDAwMDAsInVwZGF0ZSI6MTIwMDAwMDAwMDAwMH0sInNjaGVtYV92ZXJzaW9uIjoiMCJ9"
        }
      ]
    }
  ],
  "check_results": null
}
